
Microsoft Visual Studio Solution File, Format Version 12.00
# Visual Studio Version 16
VisualStudioVersion = 16.0.31515.178
MinimumVisualStudioVersion = 10.0.40219.1
Project("{9A19103F-16F7-4668-BE54-9A1E7A4F7556}") = "unison", "unison.csproj", "{489048C4-3FCA-4573-B34C-943D03F94D04}"
	ProjectSection(ProjectDependencies) = postProject
		{230556C6-5AC3-4FD8-8947-C9ABF1416D19} = {230556C6-5AC3-4FD8-8947-C9ABF1416D19}
	EndProjectSection
EndProject
Project("{9A19103F-16F7-4668-BE54-9A1E7A4F7556}") = "MpcNET", "..\MpcNET\MpcNET.csproj", "{230556C6-5AC3-4FD8-8947-C9ABF1416D19}"
EndProject
Global
	GlobalSection(SolutionConfigurationPlatforms) = preSolution
		Debug|Any CPU = Debug|Any CPU
		Release|Any CPU = Release|Any CPU
		Release-Stable|Any CPU = Release-Stable|Any CPU
	EndGlobalSection
	GlobalSection(ProjectConfigurationPlatforms) = postSolution
		{489048C4-3FCA-4573-B34C-943D03F94D04}.Debug|Any CPU.ActiveCfg = Debug|Any CPU
		{489048C4-3FCA-4573-B34C-943D03F94D04}.Debug|Any CPU.Build.0 = Debug|Any CPU
		{489048C4-3FCA-4573-B34C-943D03F94D04}.Release|Any CPU.ActiveCfg = Release|Any CPU
		{489048C4-3FCA-4573-B34C-943D03F94D04}.Release|Any CPU.Build.0 = Release|Any CPU
		{489048C4-3FCA-4573-B34C-943D03F94D04}.Release-Stable|Any CPU.ActiveCfg = Release|Any CPU
		{489048C4-3FCA-4573-B34C-943D03F94D04}.Release-Stable|Any CPU.Build.0 = Release|Any CPU
		{230556C6-5AC3-4FD8-8947-C9ABF1416D19}.Debug|Any CPU.ActiveCfg = Debug|Any CPU
		{230556C6-5AC3-4FD8-8947-C9ABF1416D19}.Debug|Any CPU.Build.0 = Debug|Any CPU
		{230556C6-5AC3-4FD8-8947-C9ABF1416D19}.Release|Any CPU.ActiveCfg = Release|Any CPU
		{230556C6-5AC3-4FD8-8947-C9ABF1416D19}.Release|Any CPU.Build.0 = Release|Any CPU
		{230556C6-5AC3-4FD8-8947-C9ABF1416D19}.Release-Stable|Any CPU.ActiveCfg = Release-Stable|Any CPU
		{230556C6-5AC3-4FD8-8947-C9ABF1416D19}.Release-Stable|Any CPU.Build.0 = Release-Stable|Any CPU
	EndGlobalSection
	GlobalSection(SolutionProperties) = preSolution
		HideSolutionNode = FALSE
	EndGlobalSection
	GlobalSection(ExtensibilityGlobals) = postSolution
		SolutionGuid = {12DA9EE9-38C6-4BBE-8133-6F7F30AF3A67}
	EndGlobalSection
EndGlobal
